Microsoft Visual Studio Solution File, Format Version 12.00
# Visual Studio Version 17
VisualStudioVersion = 17.5.2.0
MinimumVisualStudioVersion = 10.0.40219.1
Project("{FAE04EC0-301F-11D3-BF4B-00C04F79EFBC}") = "ScrapeWise-Intelligent-Web-Scraping-Dashboard-ASP.NET-Core-MVC-", "ScrapeWise-Intelligent-Web-Scraping-Dashboard-ASP.NET-Core-MVC-.csproj", "{CEA229B3-5199-5774-3561-DB5471A54E0C}"
EndProject
Global
	GlobalSection(SolutionConfigurationPlatforms) = preSolution
		Debug|Any CPU = Debug|Any CPU
		Release|Any CPU = Release|Any CPU
	EndGlobalSection
	GlobalSection(ProjectConfigurationPlatforms) = postSolution
		{CEA229B3-5199-5774-3561-DB5471A54E0C}.Debug|Any CPU.ActiveCfg = Debug|Any CPU
		{CEA229B3-5199-5774-3561-DB5471A54E0C}.Debug|Any CPU.Build.0 = Debug|Any CPU
		{CEA229B3-5199-5774-3561-DB5471A54E0C}.Release|Any CPU.ActiveCfg = Release|Any CPU
		{CEA229B3-5199-5774-3561-DB5471A54E0C}.Release|Any CPU.Build.0 = Release|Any CPU
	EndGlobalSection
	GlobalSection(SolutionProperties) = preSolution
		HideSolutionNode = FALSE
	EndGlobalSection
	GlobalSection(ExtensibilityGlobals) = postSolution
		SolutionGuid = {D5D43A47-3855-4408-B004-F6915923D847}
	EndGlobalSection
EndGlobal
